{
  "version": "2",
  "remote": {
    "https://deno.land/std@0.152.0/_deno_unstable.ts": "be3276fd42cffb49f51b705c4b0aa8656aaf2a34be22d769455c8e50ea38e51a",
    "https://deno.land/std@0.152.0/_util/assert.ts": "e94f2eb37cebd7f199952e242c77654e43333c1ac4c5c700e929ea3aa5489f74",
    "https://deno.land/std@0.152.0/_util/os.ts": "3b4c6e27febd119d36a416d7a97bd3b0251b77c88942c8f16ee5953ea13e2e49",
    "https://deno.land/std@0.152.0/fs/_util.ts": "2cf50bfb1081c2d5f2efec10ac19abbc2baf478e51cd1b057d0da2f30585b6ba",
    "https://deno.land/std@0.152.0/fs/copy.ts": "9248d1492599957af8c693ceb10a432b09f0b0b61c60a4d6aff29b0c7d3a17b3",
    "https://deno.land/std@0.152.0/fs/empty_dir.ts": "7274d87160de34cbed0531e284df383045cf43543bbeadeb97feac598bd8f3c5",
    "https://deno.land/std@0.152.0/fs/ensure_dir.ts": "9dc109c27df4098b9fc12d949612ae5c9c7169507660dcf9ad90631833209d9d",
    "https://deno.land/std@0.152.0/fs/ensure_file.ts": "7d353e64fee3d4d1e7c6b6726a2a5e987ba402c15fb49566309042887349c545",
    "https://deno.land/std@0.152.0/fs/ensure_link.ts": "489e23df9fe3e6636048b5830ddf0f111eb29621eb85719255ad9bd645f3471b",
    "https://deno.land/std@0.152.0/fs/ensure_symlink.ts": "88dc83de1bc90ed883dd458c2d2eae3d5834a4617d12925734836e1f0803b274",
    "https://deno.land/std@0.152.0/fs/eol.ts": "b92f0b88036de507e7e6fbedbe8f666835ea9dcbf5ac85917fa1fadc919f83a5",
    "https://deno.land/std@0.152.0/fs/exists.ts": "cb734d872f8554ea40b8bff77ad33d4143c1187eac621a55bf37781a43c56f6d",
    "https://deno.land/std@0.152.0/fs/expand_glob.ts": "143400698822117018c3646f4b7d2d418bc5cdede1ec837a8c70013b7711c761",
    "https://deno.land/std@0.152.0/fs/mod.ts": "354a6f972ef4e00c4dd1f1339a8828ef0764c1c23d3c0010af3fcc025d8655b0",
    "https://deno.land/std@0.152.0/fs/move.ts": "0573cedcf583f09a9494f2dfccbf67de68a93629942d6b5e6e74a9e45d4e8a2e",
    "https://deno.land/std@0.152.0/fs/walk.ts": "6ce8d87fbaeda23383e979599ad27f3f94b3e5ff0c0cd976b5fc5c2aa0df7d92",
    "https://deno.land/std@0.152.0/path/_constants.ts": "df1db3ffa6dd6d1252cc9617e5d72165cd2483df90e93833e13580687b6083c3",
    "https://deno.land/std@0.152.0/path/_interface.ts": "ee3b431a336b80cf445441109d089b70d87d5e248f4f90ff906820889ecf8d09",
    "https://deno.land/std@0.152.0/path/_util.ts": "c1e9686d0164e29f7d880b2158971d805b6e0efc3110d0b3e24e4b8af2190d2b",
    "https://deno.land/std@0.152.0/path/common.ts": "bee563630abd2d97f99d83c96c2fa0cca7cee103e8cb4e7699ec4d5db7bd2633",
    "https://deno.land/std@0.152.0/path/glob.ts": "cb5255638de1048973c3e69e420c77dc04f75755524cb3b2e160fe9277d939ee",
    "https://deno.land/std@0.152.0/path/mod.ts": "56fec03ad0ebd61b6ab39ddb9b0ddb4c4a5c9f2f4f632e09dd37ec9ebfd722ac",
    "https://deno.land/std@0.152.0/path/posix.ts": "c1f7afe274290ea0b51da07ee205653b2964bd74909a82deb07b69a6cc383aaa",
    "https://deno.land/std@0.152.0/path/separator.ts": "fe1816cb765a8068afb3e8f13ad272351c85cbc739af56dacfc7d93d710fe0f9",
    "https://deno.land/std@0.152.0/path/win32.ts": "bd7549042e37879c68ff2f8576a25950abbfca1d696d41d82c7bca0b7e6f452c",
    "https://deno.land/std@0.155.0/fmt/colors.ts": "ff7dc9c9f33a72bd48bc24b21bbc1b4545d8494a431f17894dbc5fe92a938fc4",
    "https://deno.land/std@0.155.0/testing/_diff.ts": "a23e7fc2b4d8daa3e158fa06856bedf5334ce2a2831e8bf9e509717f455adb2c",
    "https://deno.land/std@0.155.0/testing/_format.ts": "cd11136e1797791045e639e9f0f4640d5b4166148796cad37e6ef75f7d7f3832",
    "https://deno.land/std@0.155.0/testing/asserts.ts": "ac295f7fd22a7af107580e2475402a8c386cb1bf18bf837ae266ac0665786026",
    "https://deno.land/std@0.160.0/encoding/base64.ts": "c57868ca7fa2fbe919f57f88a623ad34e3d970d675bdc1ff3a9d02bba7409db2",
    "https://deno.land/std@0.160.0/encoding/hex.ts": "4cc5324417cbb4ac9b828453d35aed45b9cc29506fad658f1f138d981ae33795",
    "https://deno.land/std@0.160.0/hash/_wasm/hash.ts": "b408d3859efa8f755fabe63042df9872353bbd3a9c72943e4a6cda1de53e3aa6",
    "https://deno.land/std@0.160.0/hash/_wasm/lib/deno_hash.generated.mjs": "1591bee0464c0bdcf29fb21951d0cccf1a93d7f47ea7b67bcf90f151a66b1cff",
    "https://deno.land/std@0.160.0/hash/hasher.ts": "42fa30957370d69d22800a901ee147a2539b2b8cf3a9000737a4b0fb2317bb8f",
    "https://deno.land/std@0.160.0/hash/mod.ts": "483d774cc4635904fa9dcdc942ebb6ffe1efe3bac74dad08a42798e52c5f601f",
    "https://deno.land/std@0.161.0/semver/mod.ts": "25f6d286ab714096bc278babbf8d7c7d51ce790c83805fd7e1e2bd6a18b5f2e2",
    "https://deno.land/std@0.172.0/_util/asserts.ts": "178dfc49a464aee693a7e285567b3d0b555dc805ff490505a8aae34f9cfb1462",
    "https://deno.land/std@0.172.0/_util/os.ts": "d932f56d41e4f6a6093d56044e29ce637f8dcc43c5a90af43504a889cf1775e3",
    "https://deno.land/std@0.172.0/path/_constants.ts": "e49961f6f4f48039c0dfed3c3f93e963ca3d92791c9d478ac5b43183413136e0",
    "https://deno.land/std@0.172.0/path/_interface.ts": "6471159dfbbc357e03882c2266d21ef9afdb1e4aa771b0545e90db58a0ba314b",
    "https://deno.land/std@0.172.0/path/_util.ts": "86c2375a996c1931b2f2ac71fefd5ddf0cf0e579fa4ab12d3e4c552d4223b8d8",
    "https://deno.land/std@0.172.0/path/common.ts": "ee7505ab01fd22de3963b64e46cff31f40de34f9f8de1fff6a1bd2fe79380000",
    "https://deno.land/std@0.172.0/path/glob.ts": "d479e0a695621c94d3fd7fe7abd4f9499caf32a8de13f25073451c6ef420a4e1",
    "https://deno.land/std@0.172.0/path/mod.ts": "4b83694ac500d7d31b0cdafc927080a53dc0c3027eb2895790fb155082b0d232",
    "https://deno.land/std@0.172.0/path/posix.ts": "0874b341c2c6968ca38d323338b8b295ea1dae10fa872a768d812e2e7d634789",
    "https://deno.land/std@0.172.0/path/separator.ts": "0fb679739d0d1d7bf45b68dacfb4ec7563597a902edbaf3c59b50d5bcadd93b1",
    "https://deno.land/std@0.172.0/path/win32.ts": "672942919dd66ce1b8c224e77d3447e2ad8254eaff13fe6946420a9f78fa141e",
    "https://deno.land/x/sqlite_native@1.0.5/mod.ts": "d181d593d1501498d9247e730721a376ba7f7a4033a852c5409a25e2fee8213c",
    "https://deno.land/x/sqlite_native@1.0.5/src/binary_manager.ts": "76bd2f9e68bd2fe7f863e42483b767e03dd89456689b79c8d879f8390d76f064",
    "https://deno.land/x/sqlite_native@1.0.5/src/constants.ts": "85fd27aa6e199093f25f5f437052e16fd0e0870b96ca9b24a98e04ddc8b7d006",
    "https://deno.land/x/sqlite_native@1.0.5/src/database.ts": "593d6753ade25552e053931852acc9129dfc536e881ff9c5cb96cf2e227a9059",
    "https://deno.land/x/sqlite_native@1.0.5/src/ffi.ts": "93086e8401922bc4f2b01adaecc834b64c9f4a750b205975f828dc800e436b7f",
    "https://deno.land/x/sqlite_native@1.0.5/src/statement.ts": "3866f6c21ed8ce5f87a8898f5b51f437d53a64442f857bd6c3baefd21506d7b2",
    "https://deno.land/x/sqlite_native@1.0.5/src/util.ts": "54cc944fbc96980803703e44a002fa4cb2f290836b5f094ae04a53f0f3346423",
    "https://deno.land/x/sqlite_native@v1.0.4/mod.ts": "d181d593d1501498d9247e730721a376ba7f7a4033a852c5409a25e2fee8213c",
    "https://deno.land/x/sqlite_native@v1.0.4/src/binary_manager.ts": "76bd2f9e68bd2fe7f863e42483b767e03dd89456689b79c8d879f8390d76f064",
    "https://deno.land/x/sqlite_native@v1.0.4/src/constants.ts": "85fd27aa6e199093f25f5f437052e16fd0e0870b96ca9b24a98e04ddc8b7d006",
    "https://deno.land/x/sqlite_native@v1.0.4/src/database.ts": "593d6753ade25552e053931852acc9129dfc536e881ff9c5cb96cf2e227a9059",
    "https://deno.land/x/sqlite_native@v1.0.4/src/ffi.ts": "461ef4d7c3b6bc9936c30ade02c88352fa195eec0ca9f15ee5bdc798bac73bd9",
    "https://deno.land/x/sqlite_native@v1.0.4/src/statement.ts": "3866f6c21ed8ce5f87a8898f5b51f437d53a64442f857bd6c3baefd21506d7b2",
    "https://deno.land/x/sqlite_native@v1.0.4/src/util.ts": "54cc944fbc96980803703e44a002fa4cb2f290836b5f094ae04a53f0f3346423",
    "https://deno.land/x/torm@1.0.2/drivers/sqlite.ts": "e455db3aacc06f6291b4190bd2652fabc5c8196d642b65ebb833794be3058f3b",
    "https://deno.land/x/torm@1.0.2/src/deps.ts": "d9c216bfac881621bb73ec3be8927282d7b1427f4235fe293906a118dca5dabb",
    "https://deno.land/x/torm@1.0.2/src/field.ts": "b1951481cc74ec4e1c17b1fb91c3d9f06266a0b4b7ba7002c568e3b64386637b",
    "https://deno.land/x/torm@1.0.2/src/migration.ts": "85f3ea09ff152f708c4768b460578968b860f11be6bef884205c9419a98665db",
    "https://deno.land/x/torm@1.0.2/src/mod.ts": "27624d32ddd25c144de2eb2b3c671565d2e8ebeaa5a74ed8b3ecef533514020a",
    "https://deno.land/x/torm@1.0.2/src/model.ts": "9ef233484c0818cc5f3f490204db8682094bf7b05cd9ba8675abeabeb71da1f5",
    "https://deno.land/x/torm@1.0.2/src/query.ts": "9d4834e1a5f7ec0bd951daa18ce2a7c406d538ac3953cb4d7022700fad657cb7",
    "https://deno.land/x/torm@1.0.2/src/schema.ts": "a6332488caacdffd71f40b572ff6bae8a7d9a4be99a6e054f037747832a556ba",
    "https://deno.land/x/torm@1.0.2/src/statement.ts": "3765b8877b5f2902a7bb4b54954993dbf5a4608e9522a337efe7ff3ac4eac19c",
    "https://deno.land/x/torm@1.0.2/src/torm.ts": "43310fc24c56685b41951c8b00a88aaeb57ded3f6404382ae3c44b37f9a1c293",
    "https://deno.land/x/torm@1.0.2/src/util.ts": "7225bf3573a3acc848854b332d0d8b6f4d515df7140a2f5d006dfdc93247d65b",
    "https://deno.land/x/torm@1.1.0/drivers/sqlite.ts": "c59b79ee178e62cf8e702863401909811f3e30e432ab3575c95374549dd18248",
    "https://deno.land/x/torm@1.1.0/src/deps.ts": "d9c216bfac881621bb73ec3be8927282d7b1427f4235fe293906a118dca5dabb",
    "https://deno.land/x/torm@1.1.0/src/field.ts": "b1951481cc74ec4e1c17b1fb91c3d9f06266a0b4b7ba7002c568e3b64386637b",
    "https://deno.land/x/torm@1.1.0/src/migration.ts": "ef26a1cc6d676d1bacda26a91af75e30badb6802a11320249c642893a5d22dea",
    "https://deno.land/x/torm@1.1.0/src/mod.ts": "27624d32ddd25c144de2eb2b3c671565d2e8ebeaa5a74ed8b3ecef533514020a",
    "https://deno.land/x/torm@1.1.0/src/model.ts": "570e8af75f24403db4b452e9b5d168a9bc61be97b3c9414f2ab2101651d65788",
    "https://deno.land/x/torm@1.1.0/src/query.ts": "ab4d6ddb09f42bb93a81dc2dcfb2b785266871b6cdbeafe432d965bd84fa45c9",
    "https://deno.land/x/torm@1.1.0/src/schema.ts": "8624f7c5490cddf63161d3e451d05f6aa17b45e12ac769a7ecdcef3459a7b6df",
    "https://deno.land/x/torm@1.1.0/src/statement.ts": "cb2af7171ff793702fb87a3ec5ce3e1d7891c44eba163113016572163e3bcf23",
    "https://deno.land/x/torm@1.1.0/src/torm.ts": "d53cc97914e20825d8c0e82d49de5639f3280951da3cdf41a9a809405653375f",
    "https://deno.land/x/torm@1.1.0/src/util.ts": "7225bf3573a3acc848854b332d0d8b6f4d515df7140a2f5d006dfdc93247d65b",
    "https://deno.land/x/zod@v3.18.0/ZodError.ts": "8a5272bdd5e7ac8194a3ddb5a12ab21e036275e28905d9469b16965335f4af19",
    "https://deno.land/x/zod@v3.18.0/external.ts": "6f79b9f9cd6a8ba8dce13bce680e2875995dff3849b6ed1c184cf53ef26df954",
    "https://deno.land/x/zod@v3.18.0/helpers/enumUtil.ts": "54efc393cc9860e687d8b81ff52e980def00fa67377ad0bf8b3104f8a5bf698c",
    "https://deno.land/x/zod@v3.18.0/helpers/errorUtil.ts": "7a77328240be7b847af6de9189963bd9f79cab32bbc61502a9db4fe6683e2ea7",
    "https://deno.land/x/zod@v3.18.0/helpers/parseUtil.ts": "bc678327682dbd98a989fdf7dd14905791c7bbc0e7794e13140bc308a3c47387",
    "https://deno.land/x/zod@v3.18.0/helpers/partialUtil.ts": "8dc921a02b47384cf52217c7e539268daf619f89319b75bdf13ea178815725df",
    "https://deno.land/x/zod@v3.18.0/helpers/typeAliases.ts": "a1a8d039eb98925f242f5ea1e21e6d3cabd7f05e9747680165c914695c979b4f",
    "https://deno.land/x/zod@v3.18.0/helpers/util.ts": "6aebafcfdb8cade67ee0c4e72082e3a2758f1f6aa9bcce1b62e33f5e68e1982f",
    "https://deno.land/x/zod@v3.18.0/index.ts": "035a7422d9f2be54daa0fe464254b69225b443000673e4794095d672471e8792",
    "https://deno.land/x/zod@v3.18.0/mod.ts": "64e55237cb4410e17d968cd08975566059f27638ebb0b86048031b987ba251c4",
    "https://deno.land/x/zod@v3.18.0/types.ts": "f15cf4d03176c0987a6b5d3589ccee35e73b7947f33f5ab93f1be27b3a51517e",
    "https://deno.land/x/zod@v3.20.2/ZodError.ts": "b4ff327bd2870a7c0930b30cb1d6eb741d36a5a7d0755fc3aa7146c108bc8a0e",
    "https://deno.land/x/zod@v3.20.2/errors.ts": "5285922d2be9700cc0c70c95e4858952b07ae193aa0224be3cbd5cd5567eabef",
    "https://deno.land/x/zod@v3.20.2/external.ts": "a6cfbd61e9e097d5f42f8a7ed6f92f93f51ff927d29c9fbaec04f03cbce130fe",
    "https://deno.land/x/zod@v3.20.2/helpers/enumUtil.ts": "54efc393cc9860e687d8b81ff52e980def00fa67377ad0bf8b3104f8a5bf698c",
    "https://deno.land/x/zod@v3.20.2/helpers/errorUtil.ts": "7a77328240be7b847af6de9189963bd9f79cab32bbc61502a9db4fe6683e2ea7",
    "https://deno.land/x/zod@v3.20.2/helpers/parseUtil.ts": "920a5623929a4be9110412f82d16ccda537a58e153c942a6d6b8a38329f293a1",
    "https://deno.land/x/zod@v3.20.2/helpers/partialUtil.ts": "8dc921a02b47384cf52217c7e539268daf619f89319b75bdf13ea178815725df",
    "https://deno.land/x/zod@v3.20.2/helpers/typeAliases.ts": "0fda31a063c6736fc3cf9090dd94865c811dfff4f3cb8707b932bf937c6f2c3e",
    "https://deno.land/x/zod@v3.20.2/helpers/util.ts": "a2548e96d646ea4a80636e311e1e2310edc26d8249808883bb4e3ea9930d4197",
    "https://deno.land/x/zod@v3.20.2/index.ts": "035a7422d9f2be54daa0fe464254b69225b443000673e4794095d672471e8792",
    "https://deno.land/x/zod@v3.20.2/locales/en.ts": "ac7210faad6e67ec4f6dbe7062886f04db79ce91ae5ee6c9f64cbdf6221bc80e",
    "https://deno.land/x/zod@v3.20.2/mod.ts": "64e55237cb4410e17d968cd08975566059f27638ebb0b86048031b987ba251c4",
    "https://deno.land/x/zod@v3.20.2/types.ts": "82b5fbb30d1ad0ed4c212002ebf4d43f0b253921c358e205936e6ee2308914d1"
  },
  "npm": {
    "specifiers": {
      "ts-expect": "ts-expect@1.3.0"
    },
    "packages": {
      "ts-expect@1.3.0": {
        "integrity": "sha512-e4g0EJtAjk64xgnFPD6kTBUtpnMVzDrMb12N1YZV0VvSlhnVT3SGxiYTLdGy8Q5cYHOIC/FAHmZ10eGrAguicQ==",
        "dependencies": {}
      }
    }
  }
}