{
  "version": "3",
  "packages": {
    "specifiers": {
      "jsr:@andykais/torm@1.3.2": "jsr:@andykais/torm@1.3.2",
      "jsr:@db/sqlite@0.11": "jsr:@db/sqlite@0.11.1",
      "jsr:@denosaurs/plug@1": "jsr:@denosaurs/plug@1.0.6",
      "jsr:@std/assert@^0.217.0": "jsr:@std/assert@0.217.0",
      "jsr:@std/assert@^0.221.0": "jsr:@std/assert@0.221.0",
      "jsr:@std/assert@^0.226.0": "jsr:@std/assert@0.226.0",
      "jsr:@std/datetime@0.224.1": "jsr:@std/datetime@0.224.1",
      "jsr:@std/encoding@^0.221.0": "jsr:@std/encoding@0.221.0",
      "jsr:@std/fmt@0.225.4": "jsr:@std/fmt@0.225.4",
      "jsr:@std/fmt@^0.221.0": "jsr:@std/fmt@0.221.0",
      "jsr:@std/fs@0.229.3": "jsr:@std/fs@0.229.3",
      "jsr:@std/fs@^0.221.0": "jsr:@std/fs@0.221.0",
      "jsr:@std/path": "jsr:@std/path@0.225.2",
      "jsr:@std/path@0.217": "jsr:@std/path@0.217.0",
      "jsr:@std/path@0.225.2": "jsr:@std/path@0.225.2",
      "jsr:@std/path@1.0.0-rc.1": "jsr:@std/path@1.0.0-rc.1",
      "jsr:@std/path@^0.221.0": "jsr:@std/path@0.221.0",
      "jsr:@std/semver@0.200.0": "jsr:@std/semver@0.200.0",
      "npm:@types/node": "npm:@types/node@18.16.19",
      "npm:ts-expect": "npm:ts-expect@1.3.0",
      "npm:ts-pattern@5.2.0": "npm:ts-pattern@5.2.0",
      "npm:zod@3.18.0": "npm:zod@3.18.0",
      "npm:zod@3.23.8": "npm:zod@3.23.8"
    },
    "jsr": {
      "@andykais/torm@1.3.2": {
        "integrity": "9e338d20fdf8be24a159926184dfbb6ae1e82f5a1f4766734fa305c629d7a556",
        "dependencies": [
          "jsr:@db/sqlite@0.11",
          "jsr:@std/semver@0.200.0",
          "npm:zod@3.18.0"
        ]
      },
      "@db/sqlite@0.11.1": {
        "integrity": "546434e7ed762db07e6ade0f963540dd5e06723b802937bf260ff855b21ef9c5",
        "dependencies": [
          "jsr:@denosaurs/plug@1",
          "jsr:@std/path@0.217"
        ]
      },
      "@denosaurs/plug@1.0.6": {
        "integrity": "6cf5b9daba7799837b9ffbe89f3450510f588fafef8115ddab1ff0be9cb7c1a7",
        "dependencies": [
          "jsr:@std/encoding@^0.221.0",
          "jsr:@std/fmt@^0.221.0",
          "jsr:@std/fs@^0.221.0",
          "jsr:@std/path@^0.221.0"
        ]
      },
      "@std/assert@0.217.0": {
        "integrity": "c98e279362ca6982d5285c3b89517b757c1e3477ee9f14eb2fdf80a45aaa9642"
      },
      "@std/assert@0.221.0": {
        "integrity": "a5f1aa6e7909dbea271754fd4ab3f4e687aeff4873b4cef9a320af813adb489a"
      },
      "@std/assert@0.226.0": {
        "integrity": "0dfb5f7c7723c18cec118e080fec76ce15b4c31154b15ad2bd74822603ef75b3"
      },
      "@std/datetime@0.224.1": {
        "integrity": "3b4d5062333a3fe2e8f94b343e05e8c34ec8b09e2e8311fe0e879a6773075830"
      },
      "@std/encoding@0.221.0": {
        "integrity": "d1dd76ef0dc5d14088411e6dc1dede53bf8308c95d1537df1214c97137208e45"
      },
      "@std/fmt@0.221.0": {
        "integrity": "379fed69bdd9731110f26b9085aeb740606b20428ce6af31ef6bd45ef8efa62a"
      },
      "@std/fmt@0.225.4": {
        "integrity": "584c681cf422b70e28959b57e59012823609c087384cbf12d05f67814797fda3"
      },
      "@std/fs@0.221.0": {
        "integrity": "028044450299de8ed5a716ade4e6d524399f035513b85913794f4e81f07da286",
        "dependencies": [
          "jsr:@std/assert@^0.221.0",
          "jsr:@std/path@^0.221.0"
        ]
      },
      "@std/fs@0.229.3": {
        "integrity": "783bca21f24da92e04c3893c9e79653227ab016c48e96b3078377ebd5222e6eb",
        "dependencies": [
          "jsr:@std/path@1.0.0-rc.1"
        ]
      },
      "@std/path@0.217.0": {
        "integrity": "1217cc25534bca9a2f672d7fe7c6f356e4027df400c0e85c0ef3e4343bc67d11",
        "dependencies": [
          "jsr:@std/assert@^0.217.0"
        ]
      },
      "@std/path@0.221.0": {
        "integrity": "0a36f6b17314ef653a3a1649740cc8db51b25a133ecfe838f20b79a56ebe0095",
        "dependencies": [
          "jsr:@std/assert@^0.221.0"
        ]
      },
      "@std/path@0.225.2": {
        "integrity": "0f2db41d36b50ef048dcb0399aac720a5348638dd3cb5bf80685bf2a745aa506",
        "dependencies": [
          "jsr:@std/assert@^0.226.0"
        ]
      },
      "@std/path@1.0.0-rc.1": {
        "integrity": "b8c00ae2f19106a6bb7cbf1ab9be52aa70de1605daeb2dbdc4f87a7cbaf10ff6"
      },
      "@std/semver@0.200.0": {
        "integrity": "24dbcf555b801a84c2cb7f07e0634cb971fb148f1a9576543f0b0009386469d4"
      }
    },
    "npm": {
      "@types/node@18.16.19": {
        "integrity": "sha512-IXl7o+R9iti9eBW4Wg2hx1xQDig183jj7YLn8F7udNceyfkbn1ZxmzZXuak20gR40D7pIkIY1kYGx5VIGbaHKA==",
        "dependencies": {}
      },
      "ts-expect@1.3.0": {
        "integrity": "sha512-e4g0EJtAjk64xgnFPD6kTBUtpnMVzDrMb12N1YZV0VvSlhnVT3SGxiYTLdGy8Q5cYHOIC/FAHmZ10eGrAguicQ==",
        "dependencies": {}
      },
      "ts-pattern@5.2.0": {
        "integrity": "sha512-aGaSpOlDcns7ZoeG/OMftWyQG1KqPVhgplhJxNCvyIXqWrumM5uIoOSarw/hmmi/T1PnuQ/uD8NaFHvLpHicDg==",
        "dependencies": {}
      },
      "zod@3.18.0": {
        "integrity": "sha512-gwTm8RfUCe8l9rDwN5r2A17DkAa8Ez4Yl4yXqc5VqeGaXaJahzYYXbTwvhroZi0SNBqTwh/bKm2N0mpCzuw4bA==",
        "dependencies": {}
      },
      "zod@3.23.8": {
        "integrity": "sha512-XBx9AXhXktjUqnepgTiE5flcKIYWi/rme0Eaj+5Y0lftuGBq+jyRu/md4WnuxqgP1ubdpNCsYEYPxrzVHD8d6g==",
        "dependencies": {}
      }
    }
  },
  "remote": {
    "https://deno.land/std@0.155.0/fmt/colors.ts": "ff7dc9c9f33a72bd48bc24b21bbc1b4545d8494a431f17894dbc5fe92a938fc4",
    "https://deno.land/std@0.155.0/testing/_diff.ts": "a23e7fc2b4d8daa3e158fa06856bedf5334ce2a2831e8bf9e509717f455adb2c",
    "https://deno.land/std@0.155.0/testing/_format.ts": "cd11136e1797791045e639e9f0f4640d5b4166148796cad37e6ef75f7d7f3832",
    "https://deno.land/std@0.155.0/testing/asserts.ts": "ac295f7fd22a7af107580e2475402a8c386cb1bf18bf837ae266ac0665786026",
    "https://raw.githubusercontent.com/andykais/torm/9d50da23841d628d98defe6fdd102f251551a732/drivers/sqlite.ts": "2ee708507adcf8680ac9f2930b81e0e802dc693c04d44c20f946def26ec5b743",
    "https://raw.githubusercontent.com/andykais/torm/9d50da23841d628d98defe6fdd102f251551a732/src/deps.ts": "3609c3aaf3cf4af84031d3d827f86b526f2dddeb45e5b1b89be0ef5f21765725",
    "https://raw.githubusercontent.com/andykais/torm/9d50da23841d628d98defe6fdd102f251551a732/src/errors.ts": "deaf8a7fe6ec3650ee7b6cdfae352418d055a99596287bf6aeff909d82740a97",
    "https://raw.githubusercontent.com/andykais/torm/9d50da23841d628d98defe6fdd102f251551a732/src/field.ts": "81d07824f66d962584d4e8116863361ff2467a8d235ce690ae3c860a694596fd",
    "https://raw.githubusercontent.com/andykais/torm/9d50da23841d628d98defe6fdd102f251551a732/src/migration.ts": "fa8b575a517e4351d268bc041b566135afa32a2b30482f06f7693a48d26d86d2",
    "https://raw.githubusercontent.com/andykais/torm/9d50da23841d628d98defe6fdd102f251551a732/src/mod.ts": "95cc1f40912ed07d62b411099e44075304c50ddeb800dc70c4bf16373e468a5e",
    "https://raw.githubusercontent.com/andykais/torm/9d50da23841d628d98defe6fdd102f251551a732/src/model.ts": "15a17a3906084c1ee0430eb6ae7d1538d19085a9cf2e981996b776d4fb667d83",
    "https://raw.githubusercontent.com/andykais/torm/9d50da23841d628d98defe6fdd102f251551a732/src/query.ts": "a6d82b606f8da9be900899d86c8008c1d6156451f3639790a0bccea47adab90b",
    "https://raw.githubusercontent.com/andykais/torm/9d50da23841d628d98defe6fdd102f251551a732/src/schema.ts": "1975c46e160e7ce2cf48ede62366e1516bf2fa191609cc4629db94f14c5800a9",
    "https://raw.githubusercontent.com/andykais/torm/9d50da23841d628d98defe6fdd102f251551a732/src/statement.ts": "41323eb6ec1735e792297b9488fad50fe642df1dcc3294468d5bb9ee4d72abc2",
    "https://raw.githubusercontent.com/andykais/torm/9d50da23841d628d98defe6fdd102f251551a732/src/static_registry_decorator.ts": "457d6c6375e4007c1966d201b851a9d02c35a81d1617226f7c4782ee24f95fe5",
    "https://raw.githubusercontent.com/andykais/torm/9d50da23841d628d98defe6fdd102f251551a732/src/torm.ts": "5dd28d31003527b9199e1b796628c8934beae22e92654ff5335b6c42b06d4867",
    "https://raw.githubusercontent.com/andykais/torm/9d50da23841d628d98defe6fdd102f251551a732/src/util.ts": "083f6c5331b2dd8d1e0762c0fd5fcc3bac662d1ac395602d47ddf00f810efd11",
    "https://raw.githubusercontent.com/andykais/torm/a24e59d32321775b6002d32a993503ac4d16af68/drivers/sqlite.ts": "98d95246d33221c7a5f3a97f7213d8241a03e01f18201392e17a8b83666de6dd",
    "https://raw.githubusercontent.com/andykais/torm/a24e59d32321775b6002d32a993503ac4d16af68/src/deps.ts": "3609c3aaf3cf4af84031d3d827f86b526f2dddeb45e5b1b89be0ef5f21765725",
    "https://raw.githubusercontent.com/andykais/torm/a24e59d32321775b6002d32a993503ac4d16af68/src/errors.ts": "deaf8a7fe6ec3650ee7b6cdfae352418d055a99596287bf6aeff909d82740a97",
    "https://raw.githubusercontent.com/andykais/torm/a24e59d32321775b6002d32a993503ac4d16af68/src/field.ts": "81d07824f66d962584d4e8116863361ff2467a8d235ce690ae3c860a694596fd",
    "https://raw.githubusercontent.com/andykais/torm/a24e59d32321775b6002d32a993503ac4d16af68/src/migration.ts": "fa8b575a517e4351d268bc041b566135afa32a2b30482f06f7693a48d26d86d2",
    "https://raw.githubusercontent.com/andykais/torm/a24e59d32321775b6002d32a993503ac4d16af68/src/mod.ts": "95cc1f40912ed07d62b411099e44075304c50ddeb800dc70c4bf16373e468a5e",
    "https://raw.githubusercontent.com/andykais/torm/a24e59d32321775b6002d32a993503ac4d16af68/src/model.ts": "15a17a3906084c1ee0430eb6ae7d1538d19085a9cf2e981996b776d4fb667d83",
    "https://raw.githubusercontent.com/andykais/torm/a24e59d32321775b6002d32a993503ac4d16af68/src/query.ts": "a6d82b606f8da9be900899d86c8008c1d6156451f3639790a0bccea47adab90b",
    "https://raw.githubusercontent.com/andykais/torm/a24e59d32321775b6002d32a993503ac4d16af68/src/schema.ts": "1975c46e160e7ce2cf48ede62366e1516bf2fa191609cc4629db94f14c5800a9",
    "https://raw.githubusercontent.com/andykais/torm/a24e59d32321775b6002d32a993503ac4d16af68/src/statement.ts": "41323eb6ec1735e792297b9488fad50fe642df1dcc3294468d5bb9ee4d72abc2",
    "https://raw.githubusercontent.com/andykais/torm/a24e59d32321775b6002d32a993503ac4d16af68/src/static_registry_decorator.ts": "457d6c6375e4007c1966d201b851a9d02c35a81d1617226f7c4782ee24f95fe5",
    "https://raw.githubusercontent.com/andykais/torm/a24e59d32321775b6002d32a993503ac4d16af68/src/torm.ts": "5dd28d31003527b9199e1b796628c8934beae22e92654ff5335b6c42b06d4867",
    "https://raw.githubusercontent.com/andykais/torm/a24e59d32321775b6002d32a993503ac4d16af68/src/util.ts": "083f6c5331b2dd8d1e0762c0fd5fcc3bac662d1ac395602d47ddf00f810efd11",
    "https://raw.githubusercontent.com/andykais/torm/af4e612b85c6cffac3faaf5c3d63018002f8e76c/drivers/sqlite.ts": "2ee708507adcf8680ac9f2930b81e0e802dc693c04d44c20f946def26ec5b743",
    "https://raw.githubusercontent.com/andykais/torm/af4e612b85c6cffac3faaf5c3d63018002f8e76c/src/deps.ts": "3609c3aaf3cf4af84031d3d827f86b526f2dddeb45e5b1b89be0ef5f21765725",
    "https://raw.githubusercontent.com/andykais/torm/af4e612b85c6cffac3faaf5c3d63018002f8e76c/src/errors.ts": "deaf8a7fe6ec3650ee7b6cdfae352418d055a99596287bf6aeff909d82740a97",
    "https://raw.githubusercontent.com/andykais/torm/af4e612b85c6cffac3faaf5c3d63018002f8e76c/src/field.ts": "81d07824f66d962584d4e8116863361ff2467a8d235ce690ae3c860a694596fd",
    "https://raw.githubusercontent.com/andykais/torm/af4e612b85c6cffac3faaf5c3d63018002f8e76c/src/migration.ts": "fa8b575a517e4351d268bc041b566135afa32a2b30482f06f7693a48d26d86d2",
    "https://raw.githubusercontent.com/andykais/torm/af4e612b85c6cffac3faaf5c3d63018002f8e76c/src/mod.ts": "95cc1f40912ed07d62b411099e44075304c50ddeb800dc70c4bf16373e468a5e",
    "https://raw.githubusercontent.com/andykais/torm/af4e612b85c6cffac3faaf5c3d63018002f8e76c/src/model.ts": "15a17a3906084c1ee0430eb6ae7d1538d19085a9cf2e981996b776d4fb667d83",
    "https://raw.githubusercontent.com/andykais/torm/af4e612b85c6cffac3faaf5c3d63018002f8e76c/src/query.ts": "a6d82b606f8da9be900899d86c8008c1d6156451f3639790a0bccea47adab90b",
    "https://raw.githubusercontent.com/andykais/torm/af4e612b85c6cffac3faaf5c3d63018002f8e76c/src/schema.ts": "1975c46e160e7ce2cf48ede62366e1516bf2fa191609cc4629db94f14c5800a9",
    "https://raw.githubusercontent.com/andykais/torm/af4e612b85c6cffac3faaf5c3d63018002f8e76c/src/statement.ts": "41323eb6ec1735e792297b9488fad50fe642df1dcc3294468d5bb9ee4d72abc2",
    "https://raw.githubusercontent.com/andykais/torm/af4e612b85c6cffac3faaf5c3d63018002f8e76c/src/static_registry_decorator.ts": "457d6c6375e4007c1966d201b851a9d02c35a81d1617226f7c4782ee24f95fe5",
    "https://raw.githubusercontent.com/andykais/torm/af4e612b85c6cffac3faaf5c3d63018002f8e76c/src/torm.ts": "5dd28d31003527b9199e1b796628c8934beae22e92654ff5335b6c42b06d4867",
    "https://raw.githubusercontent.com/andykais/torm/af4e612b85c6cffac3faaf5c3d63018002f8e76c/src/util.ts": "083f6c5331b2dd8d1e0762c0fd5fcc3bac662d1ac395602d47ddf00f810efd11",
    "https://raw.githubusercontent.com/andykais/torm/fd7507b03b0d8cdb5b73f5a1c702f414f93b82c0/drivers/sqlite.ts": "2ee708507adcf8680ac9f2930b81e0e802dc693c04d44c20f946def26ec5b743",
    "https://raw.githubusercontent.com/andykais/torm/fd7507b03b0d8cdb5b73f5a1c702f414f93b82c0/src/deps.ts": "3609c3aaf3cf4af84031d3d827f86b526f2dddeb45e5b1b89be0ef5f21765725",
    "https://raw.githubusercontent.com/andykais/torm/fd7507b03b0d8cdb5b73f5a1c702f414f93b82c0/src/errors.ts": "deaf8a7fe6ec3650ee7b6cdfae352418d055a99596287bf6aeff909d82740a97",
    "https://raw.githubusercontent.com/andykais/torm/fd7507b03b0d8cdb5b73f5a1c702f414f93b82c0/src/field.ts": "81d07824f66d962584d4e8116863361ff2467a8d235ce690ae3c860a694596fd",
    "https://raw.githubusercontent.com/andykais/torm/fd7507b03b0d8cdb5b73f5a1c702f414f93b82c0/src/migration.ts": "fa8b575a517e4351d268bc041b566135afa32a2b30482f06f7693a48d26d86d2",
    "https://raw.githubusercontent.com/andykais/torm/fd7507b03b0d8cdb5b73f5a1c702f414f93b82c0/src/mod.ts": "95cc1f40912ed07d62b411099e44075304c50ddeb800dc70c4bf16373e468a5e",
    "https://raw.githubusercontent.com/andykais/torm/fd7507b03b0d8cdb5b73f5a1c702f414f93b82c0/src/model.ts": "121da88da04b6635757fe5e4f16044bd6e27ca685dee6f53a0c2b0395aa87e96",
    "https://raw.githubusercontent.com/andykais/torm/fd7507b03b0d8cdb5b73f5a1c702f414f93b82c0/src/query.ts": "a6d82b606f8da9be900899d86c8008c1d6156451f3639790a0bccea47adab90b",
    "https://raw.githubusercontent.com/andykais/torm/fd7507b03b0d8cdb5b73f5a1c702f414f93b82c0/src/schema.ts": "5a9cc2139ea1605aaa65bd933644585a67c4c33d1caa2963f1a2a13ca6e5823a",
    "https://raw.githubusercontent.com/andykais/torm/fd7507b03b0d8cdb5b73f5a1c702f414f93b82c0/src/statement.ts": "41323eb6ec1735e792297b9488fad50fe642df1dcc3294468d5bb9ee4d72abc2",
    "https://raw.githubusercontent.com/andykais/torm/fd7507b03b0d8cdb5b73f5a1c702f414f93b82c0/src/static_registry_decorator.ts": "457d6c6375e4007c1966d201b851a9d02c35a81d1617226f7c4782ee24f95fe5",
    "https://raw.githubusercontent.com/andykais/torm/fd7507b03b0d8cdb5b73f5a1c702f414f93b82c0/src/torm.ts": "5dd28d31003527b9199e1b796628c8934beae22e92654ff5335b6c42b06d4867",
    "https://raw.githubusercontent.com/andykais/torm/fd7507b03b0d8cdb5b73f5a1c702f414f93b82c0/src/util.ts": "083f6c5331b2dd8d1e0762c0fd5fcc3bac662d1ac395602d47ddf00f810efd11"
  },
  "workspace": {
    "dependencies": [
      "jsr:@std/fs@0.229.3",
      "jsr:@std/path@0.225.2",
      "npm:ts-pattern@5.2.0",
      "npm:zod@3.23.8"
    ]
  }
}
