{
  "version": "4",
  "specifiers": {
    "jsr:@std/fs@*": "1.0.14",
    "jsr:@std/path@*": "1.0.8",
    "jsr:@std/path@^1.0.8": "1.0.8",
    "npm:@jsr/std__datetime@~0.225.3": "0.225.3",
    "npm:@jsr/std__yaml@^1.0.5": "1.0.5",
    "npm:zod@^3.24.2": "3.24.2"
  },
  "jsr": {
    "@std/fs@1.0.14": {
      "integrity": "1e84bf0b95fe08f41f1f4aea9717bbf29f45408a56ce073b0114474ce1c9fccf",
      "dependencies": [
        "jsr:@std/path@^1.0.8"
      ]
    },
    "@std/path@1.0.8": {
      "integrity": "548fa456bb6a04d3c1a1e7477986b6cffbce95102d0bb447c67c4ee70e0364be"
    }
  },
  "npm": {
    "@jsr/std__datetime@0.225.3": {
      "integrity": "sha512-Snm6ZDLMNRaDhOcInCtP3nLrWXtmamq88hJWxv46mNMEnl4xHvUL/+e08Mw7kl7psfVVwQfnT54RE4sAybthqA=="
    },
    "@jsr/std__yaml@1.0.5": {
      "integrity": "sha512-jbh2xwnja+ar+7NE0oDTlbST1WW29dAQOKX8+1DZgdT54NVt9lZ9YVDrzh4uP1w6ZHVirtY0z99BSym0v+Zh4Q=="
    },
    "zod@3.24.2": {
      "integrity": "sha512-lY7CDW43ECgW9u1TcT3IoXHflywfVqDYze4waEz812jR/bZ8FHDsl7pFQoSZTz5N+2NqRXs8GBwnAwo3ZNxqhQ=="
    }
  },
  "workspace": {
    "packageJson": {
      "dependencies": [
        "npm:@deno/vite-plugin@~1.0.4",
        "npm:@jsr/andykais__ts-rpc@~0.2.2",
        "npm:@jsr/forager__core@~0.7.4",
        "npm:@jsr/std__datetime@~0.225.3",
        "npm:@jsr/std__yaml@^1.0.5",
        "npm:@sveltejs/kit@~2.20.1",
        "npm:@sveltejs/vite-plugin-svelte@~5.0.3",
        "npm:@tailwindcss/vite@~4.0.14",
        "npm:svelte-check@~4.1.5",
        "npm:svelte@~5.23.2",
        "npm:tailwindcss@~4.0.14",
        "npm:typescript-svelte-plugin@~0.3.46",
        "npm:typescript@5.0",
        "npm:vite@~6.2.2",
        "npm:zod@^3.24.2"
      ]
    }
  }
}
